{
  "name": "rag",
  "version": "1.0.0",
  "lockfileVersion": 3,
  "requires": true,
  "packages": {
    "": {
      "name": "rag",
      "version": "1.0.0",
      "license": "ISC",
      "dependencies": {
        "commander": "^13.1.0",
        "dotenv": "^16.5.0",
        "ollama": "^0.5.15",
        "redis": "^5.0.1"
      },
      "devDependencies": {
        "@types/node": "^22.15.12"
      }
    },
    "node_modules/@redis/bloom": {
      "version": "5.0.1",
      "resolved": "https://registry.npmjs.org/@redis/bloom/-/bloom-5.0.1.tgz",
      "integrity": "sha512-F7L+rnuJvq/upKaVoEgsf8VT7g5pLQYWRqSUOV3uO4vpVtARzSKJ7CLyJjVsQS+wZVCGxsLMh8DwAIDcny1B+g==",
      "engines": {
        "node": ">= 18"
      },
      "peerDependencies": {
        "@redis/client": "^5.0.1"
      }
    },
    "node_modules/@redis/client": {
      "version": "5.0.1",
      "resolved": "https://registry.npmjs.org/@redis/client/-/client-5.0.1.tgz",
      "integrity": "sha512-k0EJvlMGEyBqUD3orKe0UMZ66fPtfwqPIr+ZSd853sXj2EyhNtPXSx+J6sENXJNgAlEBhvD+57Dwt0qTisKB0A==",
      "dependencies": {
        "cluster-key-slot": "1.1.2"
      },
      "engines": {
        "node": ">= 18"
      }
    },
    "node_modules/@redis/json": {
      "version": "5.0.1",
      "resolved": "https://registry.npmjs.org/@redis/json/-/json-5.0.1.tgz",
      "integrity": "sha512-t94HOTk5myfhvaHZzlUzk2hoUvH2jsjftcnMgJWuHL/pzjAJQoZDCUJzjkoXIUjWXuyJixTguaaDyOZWwqH2Kg==",
      "engines": {
        "node": ">= 18"
      },
      "peerDependencies": {
        "@redis/client": "^5.0.1"
      }
    },
    "node_modules/@redis/search": {
      "version": "5.0.1",
      "resolved": "https://registry.npmjs.org/@redis/search/-/search-5.0.1.tgz",
      "integrity": "sha512-wipK6ZptY7K68B7YLVhP5I/wYCDUU+mDJMyJiUcQLuOs7/eKOBc8lTXKUSssor8QnzZSPy4A5ulcC5PZY22Zgw==",
      "engines": {
        "node": ">= 18"
      },
      "peerDependencies": {
        "@redis/client": "^5.0.1"
      }
    },
    "node_modules/@redis/time-series": {
      "version": "5.0.1",
      "resolved": "https://registry.npmjs.org/@redis/time-series/-/time-series-5.0.1.tgz",
      "integrity": "sha512-k6PgbrakhnohsEWEAdQZYt3e5vSKoIzpKvgQt8//lnWLrTZx+c3ed2sj0+pKIF4FvnSeuXLo4bBWcH0Z7Urg1A==",
      "engines": {
        "node": ">= 18"
      },
      "peerDependencies": {
        "@redis/client": "^5.0.1"
      }
    },
    "node_modules/@types/node": {
      "version": "22.15.12",
      "resolved": "https://registry.npmjs.org/@types/node/-/node-22.15.12.tgz",
      "integrity": "sha512-K0fpC/ZVeb8G9rm7bH7vI0KAec4XHEhBam616nVJCV51bKzJ6oA3luG4WdKoaztxe70QaNjS/xBmcDLmr4PiGw==",
      "dev": true,
      "dependencies": {
        "undici-types": "~6.21.0"
      }
    },
    "node_modules/cluster-key-slot": {
      "version": "1.1.2",
      "resolved": "https://registry.npmjs.org/cluster-key-slot/-/cluster-key-slot-1.1.2.tgz",
      "integrity": "sha512-RMr0FhtfXemyinomL4hrWcYJxmX6deFdCxpJzhDttxgO1+bcCnkk+9drydLVDmAMG7NE6aN/fl4F7ucU/90gAA==",
      "engines": {
        "node": ">=0.10.0"
      }
    },
    "node_modules/commander": {
      "version": "13.1.0",
      "resolved": "https://registry.npmjs.org/commander/-/commander-13.1.0.tgz",
      "integrity": "sha512-/rFeCpNJQbhSZjGVwO9RFV3xPqbnERS8MmIQzCtD/zl6gpJuV/bMLuN92oG3F7d8oDEHHRrujSXNUr8fpjntKw==",
      "engines": {
        "node": ">=18"
      }
    },
    "node_modules/dotenv": {
      "version": "16.5.0",
      "resolved": "https://registry.npmjs.org/dotenv/-/dotenv-16.5.0.tgz",
      "integrity": "sha512-m/C+AwOAr9/W1UOIZUo232ejMNnJAJtYQjUbHoNTBNTJSvqzzDh7vnrei3o3r3m9blf6ZoDkvcw0VmozNRFJxg==",
      "license": "BSD-2-Clause",
      "engines": {
        "node": ">=12"
      },
      "funding": {
        "url": "https://dotenvx.com"
      }
    },
    "node_modules/ollama": {
      "version": "0.5.15",
      "resolved": "https://registry.npmjs.org/ollama/-/ollama-0.5.15.tgz",
      "integrity": "sha512-TSaZSJyP7MQJFjSmmNsoJiriwa3U+/UJRw6+M8aucs5dTsaWNZsBIGpDb5rXnW6nXxJBB/z79gZY8IaiIQgelQ==",
      "dependencies": {
        "whatwg-fetch": "^3.6.20"
      }
    },
    "node_modules/redis": {
      "version": "5.0.1",
      "resolved": "https://registry.npmjs.org/redis/-/redis-5.0.1.tgz",
      "integrity": "sha512-J8nqUjrfSq0E8NQkcHDZ4HdEQk5RMYjP3jZq02PE+ERiRxolbDNxPaTT4xh6tdrme+lJ86Goje9yMt9uzh23hQ==",
      "dependencies": {
        "@redis/bloom": "5.0.1",
        "@redis/client": "5.0.1",
        "@redis/json": "5.0.1",
        "@redis/search": "5.0.1",
        "@redis/time-series": "5.0.1"
      },
      "engines": {
        "node": ">= 18"
      }
    },
    "node_modules/undici-types": {
      "version": "6.21.0",
      "resolved": "https://registry.npmjs.org/undici-types/-/undici-types-6.21.0.tgz",
      "integrity": "sha512-iwDZqg0QAGrg9Rav5H4n0M64c3mkR59cJ6wQp+7C4nI0gsmExaedaYLNO44eT4AtBBwjbTiGPMlt2Md0T9H9JQ==",
      "dev": true
    },
    "node_modules/whatwg-fetch": {
      "version": "3.6.20",
      "resolved": "https://registry.npmjs.org/whatwg-fetch/-/whatwg-fetch-3.6.20.tgz",
      "integrity": "sha512-EqhiFU6daOA8kpjOWTL0olhVOF3i7OrFzSYiGsEMB8GcXS+RrzauAERX65xMeNWVqxA6HXH2m69Z9LaKKdisfg=="
    }
  }
}
